schema: '2.0'
stages:
  data_ingestion:
    cmd: python src/1_data_ingestion.py
    deps:
    - path: params.yaml
      hash: md5
      md5: 44377d003df80632e1f7bb635d87e00c
      size: 932
    - path: src/1_data_ingestion.py
      hash: md5
      md5: 3a79aa1fe169d5be92fa09cd410b57f0
      size: 2900
    outs:
    - path: artifacts/data/raw/test.csv
      hash: md5
      md5: 64e11d86ea6c9ab12a06988404934d0c
      size: 247616
    - path: artifacts/data/raw/train.csv
      hash: md5
      md5: 5800bb1200f24eb6ff2d2634d6b619c2
      size: 580357
  data_preprocessing:
    cmd: python src/2_data_preprocessing.py
    deps:
    - path: artifacts/data/raw/test.csv
      hash: md5
      md5: 64e11d86ea6c9ab12a06988404934d0c
      size: 247616
    - path: artifacts/data/raw/train.csv
      hash: md5
      md5: 5800bb1200f24eb6ff2d2634d6b619c2
      size: 580357
    - path: src/2_data_preprocessing.py
      hash: md5
      md5: ddf2c4068dd5b4d48b385a372ebc0312
      size: 3103
    outs:
    - path: artifacts/data/processed/test_processed.csv
      hash: md5
      md5: bd5845edaf3c7f83f47ef871e33f317c
      size: 167639
    - path: artifacts/data/processed/train_processed.csv
      hash: md5
      md5: e9610e00633ce962778ff58d287d1ce4
      size: 390982
  feature_engineering:
    cmd: python src/3_feature_engineering.py
    deps:
    - path: data/interim
      hash: md5
      md5: ef37afd17951ea8af23114b28d26f784.dir
      size: 566210
      nfiles: 2
    - path: src/3_feature_engineering.py
      hash: md5
      md5: 864171493a87969249d575146739ed58
      size: 1234
    params:
      params.yaml:
        feature_engineering.max_features: 25
    outs:
    - path: data/processed
      hash: md5
      md5: 4c2b421b98c4fa1d0d891e3ec58a39e5.dir
      size: 1180590
      nfiles: 2
  model_trainer:
    cmd: python src/4_model_trainer.py
    deps:
    - path: artifacts/data/vectorized/train_vectorized.csv
      hash: md5
      md5: 80f57e1235aba2f18a9348ce5f1cf7d3
      size: 713326
    - path: params.yaml
      hash: md5
      md5: 44377d003df80632e1f7bb635d87e00c
      size: 932
    - path: src/4_model_trainer.py
      hash: md5
      md5: ac5cc1a3efb5dbf941845b96d1fc585b
      size: 2294
    outs:
    - path: artifacts/model/logistic_regression_model.pkl
      hash: md5
      md5: 2372acf18700384c1da6df8cef11c0b1
      size: 1275
  model_evaluation:
    cmd: python src/5_model_evaluation.py
    deps:
    - path: artifacts/data/vectorized/test_vectorized.csv
      hash: md5
      md5: 65b97588bcadb85b6301d5fb4622419c
      size: 306785
    - path: artifacts/model/logistic_regression_model.pkl
      hash: md5
      md5: 2372acf18700384c1da6df8cef11c0b1
      size: 1275
    - path: params.yaml
      hash: md5
      md5: 44377d003df80632e1f7bb635d87e00c
      size: 932
    - path: src/5_model_evaluation.py
      hash: md5
      md5: 105f9b033d691a1a445d0758dbe86a27
      size: 8089
    outs:
    - path: reports/experiment_info.json
      hash: md5
      md5: 46794887298d30547af21f7b982e7928
      size: 192
    - path: reports/metrics.yaml
      hash: md5
      md5: dae5aa5a5013a3c150e795227dbebc3f
      size: 315
  text_vectorization:
    cmd: python src/3_feature_engineering.py
    deps:
    - path: artifacts/data/processed/test_processed.csv
      hash: md5
      md5: bd5845edaf3c7f83f47ef871e33f317c
      size: 167639
    - path: artifacts/data/processed/train_processed.csv
      hash: md5
      md5: e9610e00633ce962778ff58d287d1ce4
      size: 390982
    - path: params.yaml
      hash: md5
      md5: 44377d003df80632e1f7bb635d87e00c
      size: 932
    - path: src/3_feature_engineering.py
      hash: md5
      md5: eab8c5b8184aaf2221dc074dd451672c
      size: 3273
    outs:
    - path: artifacts/data/vectorized/test_vectorized.csv
      hash: md5
      md5: 65b97588bcadb85b6301d5fb4622419c
      size: 306785
    - path: artifacts/data/vectorized/train_vectorized.csv
      hash: md5
      md5: 80f57e1235aba2f18a9348ce5f1cf7d3
      size: 713326
    - path: artifacts/data/vectorized/vectorizer.pkl
      hash: md5
      md5: dd7ae6db9f47a8a2596d5a8cf27c4b3a
      size: 1841
