schema: '2.0'
stages:
  data_ingestion:
    cmd: python src/1_data_ingestion.py
    deps:
    - path: params.yaml
      hash: md5
      md5: a7bdc638f6c77ab1c1bdd08cf3f0d610
      size: 934
    - path: src/1_data_ingestion.py
      hash: md5
      md5: 3a79aa1fe169d5be92fa09cd410b57f0
      size: 2900
    outs:
    - path: artifacts/data/raw/test.csv
      hash: md5
      md5: 79606de3f2d7add1813a50b1a29f1543
      size: 164672
    - path: artifacts/data/raw/train.csv
      hash: md5
      md5: b40f45435b33b543d8382fac1bdbaa50
      size: 663301
  data_preprocessing:
    cmd: python src/2_data_preprocessing.py
    deps:
    - path: artifacts/data/raw/test.csv
      hash: md5
      md5: 79606de3f2d7add1813a50b1a29f1543
      size: 164672
    - path: artifacts/data/raw/train.csv
      hash: md5
      md5: b40f45435b33b543d8382fac1bdbaa50
      size: 663301
    - path: src/2_data_preprocessing.py
      hash: md5
      md5: 4bff6a234ca3e4af15032c0beee15920
      size: 3101
    outs:
    - path: artifacts/data/processed/test_processed.csv
      hash: md5
      md5: 8b01fdb844bf651d3fefe752d7c45e8a
      size: 111537
    - path: artifacts/data/processed/train_processed.csv
      hash: md5
      md5: ed743f49e41de799d538b4d678be6b12
      size: 447084
  feature_engineering:
    cmd: python src/3_feature_engineering.py
    deps:
    - path: data/interim
      hash: md5
      md5: ef37afd17951ea8af23114b28d26f784.dir
      size: 566210
      nfiles: 2
    - path: src/3_feature_engineering.py
      hash: md5
      md5: 864171493a87969249d575146739ed58
      size: 1234
    params:
      params.yaml:
        feature_engineering.max_features: 25
    outs:
    - path: data/processed
      hash: md5
      md5: 4c2b421b98c4fa1d0d891e3ec58a39e5.dir
      size: 1180590
      nfiles: 2
  model_trainer:
    cmd: python src/4_model_trainer.py
    deps:
    - path: artifacts/data/vectorized/train_vectorized.csv
      hash: md5
      md5: ab48c6ac70f80edd6b8efa55ddfb67d4
      size: 1606061
    - path: params.yaml
      hash: md5
      md5: a7bdc638f6c77ab1c1bdd08cf3f0d610
      size: 934
    - path: src/4_model_trainer.py
      hash: md5
      md5: ac5cc1a3efb5dbf941845b96d1fc585b
      size: 2294
    outs:
    - path: artifacts/model/logistic_regression_model.pkl
      hash: md5
      md5: 2e7127a31ffae17edc93cf9e272f8e48
      size: 1675
  model_evaluation:
    cmd: python src/5_model_evaluation.py
    deps:
    - path: artifacts/data/vectorized/test_vectorized.csv
      hash: md5
      md5: 119c75198d0953af4f4511d4a229d803
      size: 404504
    - path: artifacts/model/logistic_regression_model.pkl
      hash: md5
      md5: 2e7127a31ffae17edc93cf9e272f8e48
      size: 1675
    - path: params.yaml
      hash: md5
      md5: a7bdc638f6c77ab1c1bdd08cf3f0d610
      size: 934
    - path: src/5_model_evaluation.py
      hash: md5
      md5: 105f9b033d691a1a445d0758dbe86a27
      size: 8089
    outs:
    - path: reports/experiment_info.json
      hash: md5
      md5: c18f62916539bf35f3752fbd5579e721
      size: 192
    - path: reports/metrics.yaml
      hash: md5
      md5: c1756f0f966eaae0123ebd48ab8b5dc6
      size: 316
  text_vectorization:
    cmd: python src/3_feature_engineering.py
    deps:
    - path: artifacts/data/processed/test_processed.csv
      hash: md5
      md5: 8b01fdb844bf651d3fefe752d7c45e8a
      size: 111537
    - path: artifacts/data/processed/train_processed.csv
      hash: md5
      md5: ed743f49e41de799d538b4d678be6b12
      size: 447084
    - path: params.yaml
      hash: md5
      md5: a7bdc638f6c77ab1c1bdd08cf3f0d610
      size: 934
    - path: src/3_feature_engineering.py
      hash: md5
      md5: 28b6b18dfaaa449b334297dd43ad6181
      size: 3288
    outs:
    - path: artifacts/data/vectorized/test_vectorized.csv
      hash: md5
      md5: 119c75198d0953af4f4511d4a229d803
      size: 404504
    - path: artifacts/data/vectorized/train_vectorized.csv
      hash: md5
      md5: ab48c6ac70f80edd6b8efa55ddfb67d4
      size: 1606061
    - path: artifacts/data/vectorized/vectorizer.pkl
      hash: md5
      md5: 1267115ba4cae56bcacbc90ac6f09c63
      size: 3168
